
Microsoft Visual Studio Solution File, Format Version 12.00
# Visual Studio Version 16
VisualStudioVersion = 16.0.31702.278
MinimumVisualStudioVersion = 10.0.40219.1
Project("{9A19103F-16F7-4668-BE54-9A1E7A4F7556}") = "PocAwsSnsPublisher", "PocAwsSnsPublisher\PocAwsSnsPublisher.csproj", "{05C29D16-A965-41C9-8DD6-915D531BFD2F}"
EndProject
Project("{9A19103F-16F7-4668-BE54-9A1E7A4F7556}") = "PocAwsSnsCore", "PocAwsSnsCore\PocAwsSnsCore.csproj", "{C3B0F936-3709-4CC8-BA7C-930C500A52EB}"
EndProject
Project("{FAE04EC0-301F-11D3-BF4B-00C04F79EFBC}") = "DomvsSnsPocApi", "DomvsSnsPocApi\DomvsSnsPocApi.csproj", "{DD10D7AD-5501-4789-80FE-2CB26CF97826}"
EndProject
Global
	GlobalSection(SolutionConfigurationPlatforms) = preSolution
		Debug|Any CPU = Debug|Any CPU
		Release|Any CPU = Release|Any CPU
	EndGlobalSection
	GlobalSection(ProjectConfigurationPlatforms) = postSolution
		{05C29D16-A965-41C9-8DD6-915D531BFD2F}.Debug|Any CPU.ActiveCfg = Debug|Any CPU
		{05C29D16-A965-41C9-8DD6-915D531BFD2F}.Debug|Any CPU.Build.0 = Debug|Any CPU
		{05C29D16-A965-41C9-8DD6-915D531BFD2F}.Release|Any CPU.ActiveCfg = Release|Any CPU
		{05C29D16-A965-41C9-8DD6-915D531BFD2F}.Release|Any CPU.Build.0 = Release|Any CPU
		{C3B0F936-3709-4CC8-BA7C-930C500A52EB}.Debug|Any CPU.ActiveCfg = Debug|Any CPU
		{C3B0F936-3709-4CC8-BA7C-930C500A52EB}.Debug|Any CPU.Build.0 = Debug|Any CPU
		{C3B0F936-3709-4CC8-BA7C-930C500A52EB}.Release|Any CPU.ActiveCfg = Release|Any CPU
		{C3B0F936-3709-4CC8-BA7C-930C500A52EB}.Release|Any CPU.Build.0 = Release|Any CPU
		{DD10D7AD-5501-4789-80FE-2CB26CF97826}.Debug|Any CPU.ActiveCfg = Debug|Any CPU
		{DD10D7AD-5501-4789-80FE-2CB26CF97826}.Debug|Any CPU.Build.0 = Debug|Any CPU
		{DD10D7AD-5501-4789-80FE-2CB26CF97826}.Release|Any CPU.ActiveCfg = Release|Any CPU
		{DD10D7AD-5501-4789-80FE-2CB26CF97826}.Release|Any CPU.Build.0 = Release|Any CPU
	EndGlobalSection
	GlobalSection(SolutionProperties) = preSolution
		HideSolutionNode = FALSE
	EndGlobalSection
	GlobalSection(ExtensibilityGlobals) = postSolution
		SolutionGuid = {BD0A3607-6B6F-43A5-9E28-430DE3AA2A26}
	EndGlobalSection
EndGlobal
